
Microsoft Visual Studio Solution File, Format Version 11.00
# Visual Studio 2010
Project("{FAE04EC0-301F-11D3-BF4B-00C04F79EFBC}") = "Assembly-CSharp", "Assembly-CSharp.csproj", "{28AA012D-83A9-9953-A392-75538524D551}"
EndProject
Project("{FAE04EC0-301F-11D3-BF4B-00C04F79EFBC}") = "Assembly-CSharp-Editor", "Assembly-CSharp-Editor.csproj", "{CC1875BC-3795-DD99-5E21-1A3E72960CFF}"
EndProject
Global
	GlobalSection(SolutionConfigurationPlatforms) = preSolution
		Debug|Any CPU = Debug|Any CPU
		Release|Any CPU = Release|Any CPU
	EndGlobalSection
	GlobalSection(ProjectConfigurationPlatforms) = postSolution
		{28AA012D-83A9-9953-A392-75538524D551}.Debug|Any CPU.ActiveCfg = Debug|Any CPU
		{28AA012D-83A9-9953-A392-75538524D551}.Debug|Any CPU.Build.0 = Debug|Any CPU
		{28AA012D-83A9-9953-A392-75538524D551}.Release|Any CPU.ActiveCfg = Release|Any CPU
		{28AA012D-83A9-9953-A392-75538524D551}.Release|Any CPU.Build.0 = Release|Any CPU
		{CC1875BC-3795-DD99-5E21-1A3E72960CFF}.Debug|Any CPU.ActiveCfg = Debug|Any CPU
		{CC1875BC-3795-DD99-5E21-1A3E72960CFF}.Debug|Any CPU.Build.0 = Debug|Any CPU
		{CC1875BC-3795-DD99-5E21-1A3E72960CFF}.Release|Any CPU.ActiveCfg = Release|Any CPU
		{CC1875BC-3795-DD99-5E21-1A3E72960CFF}.Release|Any CPU.Build.0 = Release|Any CPU
	EndGlobalSection
	GlobalSection(SolutionProperties) = preSolution
		HideSolutionNode = FALSE
	EndGlobalSection
EndGlobal
